
Microsoft Visual Studio Solution File, Format Version 12.00
# Visual Studio 15
VisualStudioVersion = 15.0.27703.2035
MinimumVisualStudioVersion = 10.0.40219.1
Project("{8BC9CEB8-8B4A-11D0-8D11-00A0C91BC942}") = "Project2", "Project2\Project2.vcxproj", "{BB200BD6-C28E-4BEE-A0D4-FA140286D61D}"
EndProject
Global
	GlobalSection(SolutionConfigurationPlatforms) = preSolution
		Debug|x64 = Debug|x64
		Debug|x86 = Debug|x86
		Release|x64 = Release|x64
		Release|x86 = Release|x86
	EndGlobalSection
	GlobalSection(ProjectConfigurationPlatforms) = postSolution
		{BB200BD6-C28E-4BEE-A0D4-FA140286D61D}.Debug|x64.ActiveCfg = Debug|x64
		{BB200BD6-C28E-4BEE-A0D4-FA140286D61D}.Debug|x64.Build.0 = Debug|x64
		{BB200BD6-C28E-4BEE-A0D4-FA140286D61D}.Debug|x86.ActiveCfg = Debug|Win32
		{BB200BD6-C28E-4BEE-A0D4-FA140286D61D}.Debug|x86.Build.0 = Debug|Win32
		{BB200BD6-C28E-4BEE-A0D4-FA140286D61D}.Release|x64.ActiveCfg = Release|x64
		{BB200BD6-C28E-4BEE-A0D4-FA140286D61D}.Release|x64.Build.0 = Release|x64
		{BB200BD6-C28E-4BEE-A0D4-FA140286D61D}.Release|x86.ActiveCfg = Release|Win32
		{BB200BD6-C28E-4BEE-A0D4-FA140286D61D}.Release|x86.Build.0 = Release|Win32
	EndGlobalSection
	GlobalSection(SolutionProperties) = preSolution
		HideSolutionNode = FALSE
	EndGlobalSection
	GlobalSection(ExtensibilityGlobals) = postSolution
		SolutionGuid = {BF2A398B-6772-4D4B-84CE-3D1D0D56512F}
	EndGlobalSection
EndGlobal
